
Microsoft Visual Studio Solution File, Format Version 12.00
# Visual Studio Version 16
VisualStudioVersion = 16.0.31019.35
MinimumVisualStudioVersion = 10.0.40219.1
Project("{FAE04EC0-301F-11D3-BF4B-00C04F79EFBC}") = "View", "View\View.csproj", "{F27DF546-3D6A-4B8F-83A9-C5D55C723970}"
EndProject
Project("{FAE04EC0-301F-11D3-BF4B-00C04F79EFBC}") = "ChainofResponsibility", "ChainofResponsibility\ChainofResponsibility.csproj", "{3BCD5DF4-FF68-42AB-85BC-75C00ED1607D}"
EndProject
Global
	GlobalSection(SolutionConfigurationPlatforms) = preSolution
		Debug|Any CPU = Debug|Any CPU
		Release|Any CPU = Release|Any CPU
	EndGlobalSection
	GlobalSection(ProjectConfigurationPlatforms) = postSolution
		{F27DF546-3D6A-4B8F-83A9-C5D55C723970}.Debug|Any CPU.ActiveCfg = Debug|Any CPU
		{F27DF546-3D6A-4B8F-83A9-C5D55C723970}.Debug|Any CPU.Build.0 = Debug|Any CPU
		{F27DF546-3D6A-4B8F-83A9-C5D55C723970}.Release|Any CPU.ActiveCfg = Release|Any CPU
		{F27DF546-3D6A-4B8F-83A9-C5D55C723970}.Release|Any CPU.Build.0 = Release|Any CPU
		{3BCD5DF4-FF68-42AB-85BC-75C00ED1607D}.Debug|Any CPU.ActiveCfg = Debug|Any CPU
		{3BCD5DF4-FF68-42AB-85BC-75C00ED1607D}.Debug|Any CPU.Build.0 = Debug|Any CPU
		{3BCD5DF4-FF68-42AB-85BC-75C00ED1607D}.Release|Any CPU.ActiveCfg = Release|Any CPU
		{3BCD5DF4-FF68-42AB-85BC-75C00ED1607D}.Release|Any CPU.Build.0 = Release|Any CPU
	EndGlobalSection
	GlobalSection(SolutionProperties) = preSolution
		HideSolutionNode = FALSE
	EndGlobalSection
	GlobalSection(ExtensibilityGlobals) = postSolution
		SolutionGuid = {7D570658-7503-428D-9BEA-3573A0D0E5EB}
	EndGlobalSection
EndGlobal
